
Microsoft Visual Studio Solution File, Format Version 12.00
# Visual Studio Version 16
VisualStudioVersion = 16.0.31005.135
MinimumVisualStudioVersion = 10.0.40219.1
Project("{FAE04EC0-301F-11D3-BF4B-00C04F79EFBC}") = "ClassMetotDemo", "ClassMetotDemo\ClassMetotDemo.csproj", "{65037A75-AC97-4B4D-B29D-BF25F181BE17}"
EndProject
Global
	GlobalSection(SolutionConfigurationPlatforms) = preSolution
		Debug|Any CPU = Debug|Any CPU
		Release|Any CPU = Release|Any CPU
	EndGlobalSection
	GlobalSection(ProjectConfigurationPlatforms) = postSolution
		{65037A75-AC97-4B4D-B29D-BF25F181BE17}.Debug|Any CPU.ActiveCfg = Debug|Any CPU
		{65037A75-AC97-4B4D-B29D-BF25F181BE17}.Debug|Any CPU.Build.0 = Debug|Any CPU
		{65037A75-AC97-4B4D-B29D-BF25F181BE17}.Release|Any CPU.ActiveCfg = Release|Any CPU
		{65037A75-AC97-4B4D-B29D-BF25F181BE17}.Release|Any CPU.Build.0 = Release|Any CPU
	EndGlobalSection
	GlobalSection(SolutionProperties) = preSolution
		HideSolutionNode = FALSE
	EndGlobalSection
	GlobalSection(ExtensibilityGlobals) = postSolution
		SolutionGuid = {CBBFB495-8958-4B4E-BF26-0C95298C3873}
	EndGlobalSection
EndGlobal
